// !$*UTF8*$!
{
	archiveVersion = 1;
	classes = {
	};
	objectVersion = 56;
	objects = {

/* Begin PBXBuildFile section */
		84C3956F2BC6D4CD008B9482 /* ConfigPaceView.swift in Sources */ = {isa = PBXBuildFile; fileRef = 84C3956E2BC6D4CD008B9482 /* ConfigPaceView.swift */; };
		84C395712BC6F925008B9482 /* FeedbackManager.swift in Sources */ = {isa = PBXBuildFile; fileRef = 84C395702BC6F925008B9482 /* FeedbackManager.swift */; };
		84E53A9B2BC6BF9E00195A25 /* targetpace Watch App.app in Embed Watch Content */ = {isa = PBXBuildFile; fileRef = 84E53A9A2BC6BF9E00195A25 /* targetpace Watch App.app */; settings = {ATTRIBUTES = (RemoveHeadersOnCopy, ); }; };
		84E53AA02BC6BF9E00195A25 /* targetpaceApp.swift in Sources */ = {isa = PBXBuildFile; fileRef = 84E53A9F2BC6BF9E00195A25 /* targetpaceApp.swift */; };
		84E53AA22BC6BF9E00195A25 /* ContentView.swift in Sources */ = {isa = PBXBuildFile; fileRef = 84E53AA12BC6BF9E00195A25 /* ContentView.swift */; };
		84E53AA42BC6BFA000195A25 /* Assets.xcassets in Resources */ = {isa = PBXBuildFile; fileRef = 84E53AA32BC6BFA000195A25 /* Assets.xcassets */; };
		84E53AA72BC6BFA000195A25 /* Preview Assets.xcassets in Resources */ = {isa = PBXBuildFile; fileRef = 84E53AA62BC6BFA000195A25 /* Preview Assets.xcassets */; };
		84E53AB32BC6CADB00195A25 /* TargetPaceView.swift in Sources */ = {isa = PBXBuildFile; fileRef = 84E53AB22BC6CADB00195A25 /* TargetPaceView.swift */; };
		84E53AB92BC6CC2A00195A25 /* WorkoutManager.swift in Sources */ = {isa = PBXBuildFile; fileRef = 84E53AB82BC6CC2A00195A25 /* WorkoutManager.swift */; };
/* End PBXBuildFile section */

/* Begin PBXContainerItemProxy section */
		84E53A9C2BC6BF9E00195A25 /* PBXContainerItemProxy */ = {
			isa = PBXContainerItemProxy;
			containerPortal = 84E53A8E2BC6BF9D00195A25 /* Project object */;
			proxyType = 1;
			remoteGlobalIDString = 84E53A992BC6BF9E00195A25;
			remoteInfo = "targetpace Watch App";
		};
/* End PBXContainerItemProxy section */

/* Begin PBXCopyFilesBuildPhase section */
		84E53AAD2BC6BFA000195A25 /* Embed Watch Content */ = {
			isa = PBXCopyFilesBuildPhase;
			buildActionMask = 2147483647;
			dstPath = "$(CONTENTS_FOLDER_PATH)/Watch";
			dstSubfolderSpec = 16;
			files = (
				84E53A9B2BC6BF9E00195A25 /* targetpace Watch App.app in Embed Watch Content */,
			);
			name = "Embed Watch Content";
			runOnlyForDeploymentPostprocessing = 0;
		};
/* End PBXCopyFilesBuildPhase section */

/* Begin PBXFileReference section */
		84C3956E2BC6D4CD008B9482 /* ConfigPaceView.swift */ = {isa = PBXFileReference; lastKnownFileType = sourcecode.swift; path = ConfigPaceView.swift; sourceTree = "<group>"; };
		84C395702BC6F925008B9482 /* FeedbackManager.swift */ = {isa = PBXFileReference; lastKnownFileType = sourcecode.swift; path = FeedbackManager.swift; sourceTree = "<group>"; };
		84E53A942BC6BF9D00195A25 /* targetpace.app */ = {isa = PBXFileReference; explicitFileType = wrapper.application; includeInIndex = 0; path = targetpace.app; sourceTree = BUILT_PRODUCTS_DIR; };
		84E53A9A2BC6BF9E00195A25 /* targetpace Watch App.app */ = {isa = PBXFileReference; explicitFileType = wrapper.application; includeInIndex = 0; path = "targetpace Watch App.app"; sourceTree = BUILT_PRODUCTS_DIR; };
		84E53A9F2BC6BF9E00195A25 /* targetpaceApp.swift */ = {isa = PBXFileReference; lastKnownFileType = sourcecode.swift; path = targetpaceApp.swift; sourceTree = "<group>"; };
		84E53AA12BC6BF9E00195A25 /* ContentView.swift */ = {isa = PBXFileReference; lastKnownFileType = sourcecode.swift; path = ContentView.swift; sourceTree = "<group>"; };
		84E53AA32BC6BFA000195A25 /* Assets.xcassets */ = {isa = PBXFileReference; lastKnownFileType = folder.assetcatalog; path = Assets.xcassets; sourceTree = "<group>"; };
		84E53AA62BC6BFA000195A25 /* Preview Assets.xcassets */ = {isa = PBXFileReference; lastKnownFileType = folder.assetcatalog; path = "Preview Assets.xcassets"; sourceTree = "<group>"; };
		84E53AB12BC6C8DD00195A25 /* targetpace Watch App.entitlements */ = {isa = PBXFileReference; lastKnownFileType = text.plist.entitlements; path = "targetpace Watch App.entitlements"; sourceTree = "<group>"; };
		84E53AB22BC6CADB00195A25 /* TargetPaceView.swift */ = {isa = PBXFileReference; lastKnownFileType = sourcecode.swift; path = TargetPaceView.swift; sourceTree = "<group>"; };
		84E53AB82BC6CC2A00195A25 /* WorkoutManager.swift */ = {isa = PBXFileReference; lastKnownFileType = sourcecode.swift; path = WorkoutManager.swift; sourceTree = "<group>"; };
/* End PBXFileReference section */

/* Begin PBXFrameworksBuildPhase section */
		84E53A972BC6BF9E00195A25 /* Frameworks */ = {
			isa = PBXFrameworksBuildPhase;
			buildActionMask = 2147483647;
			files = (
			);
			runOnlyForDeploymentPostprocessing = 0;
		};
/* End PBXFrameworksBuildPhase section */

/* Begin PBXGroup section */
		84E53A8D2BC6BF9D00195A25 = {
			isa = PBXGroup;
			children = (
				84E53A9E2BC6BF9E00195A25 /* targetpace Watch App */,
				84E53A952BC6BF9D00195A25 /* Products */,
			);
			sourceTree = "<group>";
		};
		84E53A952BC6BF9D00195A25 /* Products */ = {
			isa = PBXGroup;
			children = (
				84E53A942BC6BF9D00195A25 /* targetpace.app */,
				84E53A9A2BC6BF9E00195A25 /* targetpace Watch App.app */,
			);
			name = Products;
			sourceTree = "<group>";
		};
		84E53A9E2BC6BF9E00195A25 /* targetpace Watch App */ = {
			isa = PBXGroup;
			children = (
				84E53AB72BC6CB9B00195A25 /* Controller */,
				84E53AB62BC6CB9200195A25 /* View */,
				84E53AB12BC6C8DD00195A25 /* targetpace Watch App.entitlements */,
				84E53A9F2BC6BF9E00195A25 /* targetpaceApp.swift */,
				84E53AA32BC6BFA000195A25 /* Assets.xcassets */,
				84E53AA52BC6BFA000195A25 /* Preview Content */,
			);
			path = "targetpace Watch App";
			sourceTree = "<group>";
		};
		84E53AA52BC6BFA000195A25 /* Preview Content */ = {
			isa = PBXGroup;
			children = (
				84E53AA62BC6BFA000195A25 /* Preview Assets.xcassets */,
			);
			path = "Preview Content";
			sourceTree = "<group>";
		};
		84E53AB62BC6CB9200195A25 /* View */ = {
			isa = PBXGroup;
			children = (
				84E53AA12BC6BF9E00195A25 /* ContentView.swift */,
				84E53AB22BC6CADB00195A25 /* TargetPaceView.swift */,
				84C3956E2BC6D4CD008B9482 /* ConfigPaceView.swift */,
			);
			path = View;
			sourceTree = "<group>";
		};
		84E53AB72BC6CB9B00195A25 /* Controller */ = {
			isa = PBXGroup;
			children = (
				84E53AB82BC6CC2A00195A25 /* WorkoutManager.swift */,
				84C395702BC6F925008B9482 /* FeedbackManager.swift */,
			);
			path = Controller;
			sourceTree = "<group>";
		};
/* End PBXGroup section */

/* Begin PBXNativeTarget section */
		84E53A932BC6BF9D00195A25 /* targetpace */ = {
			isa = PBXNativeTarget;
			buildConfigurationList = 84E53AAE2BC6BFA000195A25 /* Build configuration list for PBXNativeTarget "targetpace" */;
			buildPhases = (
				84E53A922BC6BF9D00195A25 /* Resources */,
				84E53AAD2BC6BFA000195A25 /* Embed Watch Content */,
			);
			buildRules = (
			);
			dependencies = (
				84E53A9D2BC6BF9E00195A25 /* PBXTargetDependency */,
			);
			name = targetpace;
			productName = targetpace;
			productReference = 84E53A942BC6BF9D00195A25 /* targetpace.app */;
			productType = "com.apple.product-type.application.watchapp2-container";
		};
		84E53A992BC6BF9E00195A25 /* targetpace Watch App */ = {
			isa = PBXNativeTarget;
			buildConfigurationList = 84E53AAA2BC6BFA000195A25 /* Build configuration list for PBXNativeTarget "targetpace Watch App" */;
			buildPhases = (
				84E53A962BC6BF9E00195A25 /* Sources */,
				84E53A972BC6BF9E00195A25 /* Frameworks */,
				84E53A982BC6BF9E00195A25 /* Resources */,
			);
			buildRules = (
			);
			dependencies = (
			);
			name = "targetpace Watch App";
			productName = "targetpace Watch App";
			productReference = 84E53A9A2BC6BF9E00195A25 /* targetpace Watch App.app */;
			productType = "com.apple.product-type.application";
		};
/* End PBXNativeTarget section */

/* Begin PBXProject section */
		84E53A8E2BC6BF9D00195A25 /* Project object */ = {
			isa = PBXProject;
			attributes = {
				BuildIndependentTargetsInParallel = 1;
				LastSwiftUpdateCheck = 1520;
				LastUpgradeCheck = 1520;
				TargetAttributes = {
					84E53A932BC6BF9D00195A25 = {
						CreatedOnToolsVersion = 15.2;
					};
					84E53A992BC6BF9E00195A25 = {
						CreatedOnToolsVersion = 15.2;
					};
				};
			};
			buildConfigurationList = 84E53A912BC6BF9D00195A25 /* Build configuration list for PBXProject "targetpace" */;
			compatibilityVersion = "Xcode 14.0";
			developmentRegion = en;
			hasScannedForEncodings = 0;
			knownRegions = (
				en,
				Base,
			);
			mainGroup = 84E53A8D2BC6BF9D00195A25;
			productRefGroup = 84E53A952BC6BF9D00195A25 /* Products */;
			projectDirPath = "";
			projectRoot = "";
			targets = (
				84E53A932BC6BF9D00195A25 /* targetpace */,
				84E53A992BC6BF9E00195A25 /* targetpace Watch App */,
			);
		};
/* End PBXProject section */

/* Begin PBXResourcesBuildPhase section */
		84E53A922BC6BF9D00195A25 /* Resources */ = {
			isa = PBXResourcesBuildPhase;
			buildActionMask = 2147483647;
			files = (
			);
			runOnlyForDeploymentPostprocessing = 0;
		};
		84E53A982BC6BF9E00195A25 /* Resources */ = {
			isa = PBXResourcesBuildPhase;
			buildActionMask = 2147483647;
			files = (
				84E53AA72BC6BFA000195A25 /* Preview Assets.xcassets in Resources */,
				84E53AA42BC6BFA000195A25 /* Assets.xcassets in Resources */,
			);
			runOnlyForDeploymentPostprocessing = 0;
		};
/* End PBXResourcesBuildPhase section */

/* Begin PBXSourcesBuildPhase section */
		84E53A962BC6BF9E00195A25 /* Sources */ = {
			isa = PBXSourcesBuildPhase;
			buildActionMask = 2147483647;
			files = (
				84E53AA22BC6BF9E00195A25 /* ContentView.swift in Sources */,
				84E53AB92BC6CC2A00195A25 /* WorkoutManager.swift in Sources */,
				84E53AA02BC6BF9E00195A25 /* targetpaceApp.swift in Sources */,
				84E53AB32BC6CADB00195A25 /* TargetPaceView.swift in Sources */,
				84C395712BC6F925008B9482 /* FeedbackManager.swift in Sources */,
				84C3956F2BC6D4CD008B9482 /* ConfigPaceView.swift in Sources */,
			);
			runOnlyForDeploymentPostprocessing = 0;
		};
/* End PBXSourcesBuildPhase section */

/* Begin PBXTargetDependency section */
		84E53A9D2BC6BF9E00195A25 /* PBXTargetDependency */ = {
			isa = PBXTargetDependency;
			target = 84E53A992BC6BF9E00195A25 /* targetpace Watch App */;
			targetProxy = 84E53A9C2BC6BF9E00195A25 /* PBXContainerItemProxy */;
		};
/* End PBXTargetDependency section */

/* Begin XCBuildConfiguration section */
		84E53AA82BC6BFA000195A25 /* Debug */ = {
			isa = XCBuildConfiguration;
			buildSettings = {
				ALWAYS_SEARCH_USER_PATHS = NO;
				ASSETCATALOG_COMPILER_GENERATE_SWIFT_ASSET_SYMBOL_EXTENSIONS = YES;
				CLANG_ANALYZER_NONNULL = YES;
				CLANG_ANALYZER_NUMBER_OBJECT_CONVERSION = YES_AGGRESSIVE;
				CLANG_CXX_LANGUAGE_STANDARD = "gnu++20";
				CLANG_ENABLE_MODULES = YES;
				CLANG_ENABLE_OBJC_ARC = YES;
				CLANG_ENABLE_OBJC_WEAK = YES;
				CLANG_WARN_BLOCK_CAPTURE_AUTORELEASING = YES;
				CLANG_WARN_BOOL_CONVERSION = YES;
				CLANG_WARN_COMMA = YES;
				CLANG_WARN_CONSTANT_CONVERSION = YES;
				CLANG_WARN_DEPRECATED_OBJC_IMPLEMENTATIONS = YES;
				CLANG_WARN_DIRECT_OBJC_ISA_USAGE = YES_ERROR;
				CLANG_WARN_DOCUMENTATION_COMMENTS = YES;
				CLANG_WARN_EMPTY_BODY = YES;
				CLANG_WARN_ENUM_CONVERSION = YES;
				CLANG_WARN_INFINITE_RECURSION = YES;
				CLANG_WARN_INT_CONVERSION = YES;
				CLANG_WARN_NON_LITERAL_NULL_CONVERSION = YES;
				CLANG_WARN_OBJC_IMPLICIT_RETAIN_SELF = YES;
				CLANG_WARN_OBJC_LITERAL_CONVERSION = YES;
				CLANG_WARN_OBJC_ROOT_CLASS = YES_ERROR;
				CLANG_WARN_QUOTED_INCLUDE_IN_FRAMEWORK_HEADER = YES;
				CLANG_WARN_RANGE_LOOP_ANALYSIS = YES;
				CLANG_WARN_STRICT_PROTOTYPES = YES;
				CLANG_WARN_SUSPICIOUS_MOVE = YES;
				CLANG_WARN_UNGUARDED_AVAILABILITY = YES_AGGRESSIVE;
				CLANG_WARN_UNREACHABLE_CODE = YES;
				CLANG_WARN__DUPLICATE_METHOD_MATCH = YES;
				COPY_PHASE_STRIP = NO;
				DEBUG_INFORMATION_FORMAT = dwarf;
				ENABLE_STRICT_OBJC_MSGSEND = YES;
				ENABLE_TESTABILITY = YES;
				ENABLE_USER_SCRIPT_SANDBOXING = YES;
				GCC_C_LANGUAGE_STANDARD = gnu17;
				GCC_DYNAMIC_NO_PIC = NO;
				GCC_NO_COMMON_BLOCKS = YES;
				GCC_OPTIMIZATION_LEVEL = 0;
				GCC_PREPROCESSOR_DEFINITIONS = (
					"DEBUG=1",
					"$(inherited)",
				);
				GCC_WARN_64_TO_32_BIT_CONVERSION = YES;
				GCC_WARN_ABOUT_RETURN_TYPE = YES_ERROR;
				GCC_WARN_UNDECLARED_SELECTOR = YES;
				GCC_WARN_UNINITIALIZED_AUTOS = YES_AGGRESSIVE;
				GCC_WARN_UNUSED_FUNCTION = YES;
				GCC_WARN_UNUSED_VARIABLE = YES;
				LOCALIZATION_PREFERS_STRING_CATALOGS = YES;
				MTL_ENABLE_DEBUG_INFO = INCLUDE_SOURCE;
				MTL_FAST_MATH = YES;
				ONLY_ACTIVE_ARCH = YES;
				SWIFT_ACTIVE_COMPILATION_CONDITIONS = "DEBUG $(inherited)";
				SWIFT_OPTIMIZATION_LEVEL = "-Onone";
			};
			name = Debug;
		};
		84E53AA92BC6BFA000195A25 /* Release */ = {
			isa = XCBuildConfiguration;
			buildSettings = {
				ALWAYS_SEARCH_USER_PATHS = NO;
				ASSETCATALOG_COMPILER_GENERATE_SWIFT_ASSET_SYMBOL_EXTENSIONS = YES;
				CLANG_ANALYZER_NONNULL = YES;
				CLANG_ANALYZER_NUMBER_OBJECT_CONVERSION = YES_AGGRESSIVE;
				CLANG_CXX_LANGUAGE_STANDARD = "gnu++20";
				CLANG_ENABLE_MODULES = YES;
				CLANG_ENABLE_OBJC_ARC = YES;
				CLANG_ENABLE_OBJC_WEAK = YES;
				CLANG_WARN_BLOCK_CAPTURE_AUTORELEASING = YES;
				CLANG_WARN_BOOL_CONVERSION = YES;
				CLANG_WARN_COMMA = YES;
				CLANG_WARN_CONSTANT_CONVERSION = YES;
				CLANG_WARN_DEPRECATED_OBJC_IMPLEMENTATIONS = YES;
				CLANG_WARN_DIRECT_OBJC_ISA_USAGE = YES_ERROR;
				CLANG_WARN_DOCUMENTATION_COMMENTS = YES;
				CLANG_WARN_EMPTY_BODY = YES;
				CLANG_WARN_ENUM_CONVERSION = YES;
				CLANG_WARN_INFINITE_RECURSION = YES;
				CLANG_WARN_INT_CONVERSION = YES;
				CLANG_WARN_NON_LITERAL_NULL_CONVERSION = YES;
				CLANG_WARN_OBJC_IMPLICIT_RETAIN_SELF = YES;
				CLANG_WARN_OBJC_LITERAL_CONVERSION = YES;
				CLANG_WARN_OBJC_ROOT_CLASS = YES_ERROR;
				CLANG_WARN_QUOTED_INCLUDE_IN_FRAMEWORK_HEADER = YES;
				CLANG_WARN_RANGE_LOOP_ANALYSIS = YES;
				CLANG_WARN_STRICT_PROTOTYPES = YES;
				CLANG_WARN_SUSPICIOUS_MOVE = YES;
				CLANG_WARN_UNGUARDED_AVAILABILITY = YES_AGGRESSIVE;
				CLANG_WARN_UNREACHABLE_CODE = YES;
				CLANG_WARN__DUPLICATE_METHOD_MATCH = YES;
				COPY_PHASE_STRIP = NO;
				DEBUG_INFORMATION_FORMAT = "dwarf-with-dsym";
				ENABLE_NS_ASSERTIONS = NO;
				ENABLE_STRICT_OBJC_MSGSEND = YES;
				ENABLE_USER_SCRIPT_SANDBOXING = YES;
				GCC_C_LANGUAGE_STANDARD = gnu17;
				GCC_NO_COMMON_BLOCKS = YES;
				GCC_WARN_64_TO_32_BIT_CONVERSION = YES;
				GCC_WARN_ABOUT_RETURN_TYPE = YES_ERROR;
				GCC_WARN_UNDECLARED_SELECTOR = YES;
				GCC_WARN_UNINITIALIZED_AUTOS = YES_AGGRESSIVE;
				GCC_WARN_UNUSED_FUNCTION = YES;
				GCC_WARN_UNUSED_VARIABLE = YES;
				LOCALIZATION_PREFERS_STRING_CATALOGS = YES;
				MTL_ENABLE_DEBUG_INFO = NO;
				MTL_FAST_MATH = YES;
				SWIFT_COMPILATION_MODE = wholemodule;
			};
			name = Release;
		};
		84E53AAB2BC6BFA000195A25 /* Debug */ = {
			isa = XCBuildConfiguration;
			buildSettings = {
				ASSETCATALOG_COMPILER_APPICON_NAME = AppIcon;
				ASSETCATALOG_COMPILER_GLOBAL_ACCENT_COLOR_NAME = AccentColor;
				CODE_SIGN_ENTITLEMENTS = "targetpace Watch App/targetpace Watch App.entitlements";
				CODE_SIGN_STYLE = Automatic;
				CURRENT_PROJECT_VERSION = 1;
				DEVELOPMENT_ASSET_PATHS = "\"targetpace Watch App/Preview Content\"";
				ENABLE_PREVIEWS = YES;
				GENERATE_INFOPLIST_FILE = YES;
				INFOPLIST_KEY_CFBundleDisplayName = targetpace;
				INFOPLIST_KEY_NSHealthShareUsageDescription = "Health Share Usage Description";
				INFOPLIST_KEY_NSHealthUpdateUsageDescription = "Health Update Usage Description";
				INFOPLIST_KEY_UISupportedInterfaceOrientations = "UIInterfaceOrientationPortrait UIInterfaceOrientationPortraitUpsideDown";
				INFOPLIST_KEY_WKWatchOnly = YES;
				LD_RUNPATH_SEARCH_PATHS = (
					"$(inherited)",
					"@executable_path/Frameworks",
				);
				MARKETING_VERSION = 1.0;
				PRODUCT_BUNDLE_IDENTIFIER = example.com.targetpace.watchkitapp;
				PRODUCT_NAME = "$(TARGET_NAME)";
				SDKROOT = watchos;
				SKIP_INSTALL = YES;
				SWIFT_EMIT_LOC_STRINGS = YES;
				SWIFT_VERSION = 5.0;
				TARGETED_DEVICE_FAMILY = 4;
				WATCHOS_DEPLOYMENT_TARGET = 10.2;
			};
			name = Debug;
		};
		84E53AAC2BC6BFA000195A25 /* Release */ = {
			isa = XCBuildConfiguration;
			buildSettings = {
				ASSETCATALOG_COMPILER_APPICON_NAME = AppIcon;
				ASSETCATALOG_COMPILER_GLOBAL_ACCENT_COLOR_NAME = AccentColor;
				CODE_SIGN_ENTITLEMENTS = "targetpace Watch App/targetpace Watch App.entitlements";
				CODE_SIGN_STYLE = Automatic;
				CURRENT_PROJECT_VERSION = 1;
				DEVELOPMENT_ASSET_PATHS = "\"targetpace Watch App/Preview Content\"";
				ENABLE_PREVIEWS = YES;
				GENERATE_INFOPLIST_FILE = YES;
				INFOPLIST_KEY_CFBundleDisplayName = targetpace;
				INFOPLIST_KEY_NSHealthShareUsageDescription = "Health Share Usage Description";
				INFOPLIST_KEY_NSHealthUpdateUsageDescription = "Health Update Usage Description";
				INFOPLIST_KEY_UISupportedInterfaceOrientations = "UIInterfaceOrientationPortrait UIInterfaceOrientationPortraitUpsideDown";
				INFOPLIST_KEY_WKWatchOnly = YES;
				LD_RUNPATH_SEARCH_PATHS = (
					"$(inherited)",
					"@executable_path/Frameworks",
				);
				MARKETING_VERSION = 1.0;
				PRODUCT_BUNDLE_IDENTIFIER = example.com.targetpace.watchkitapp;
				PRODUCT_NAME = "$(TARGET_NAME)";
				SDKROOT = watchos;
				SKIP_INSTALL = YES;
				SWIFT_EMIT_LOC_STRINGS = YES;
				SWIFT_VERSION = 5.0;
				TARGETED_DEVICE_FAMILY = 4;
				VALIDATE_PRODUCT = YES;
				WATCHOS_DEPLOYMENT_TARGET = 10.2;
			};
			name = Release;
		};
		84E53AAF2BC6BFA000195A25 /* Debug */ = {
			isa = XCBuildConfiguration;
			buildSettings = {
				ALWAYS_EMBED_SWIFT_STANDARD_LIBRARIES = YES;
				CODE_SIGN_STYLE = Automatic;
				CURRENT_PROJECT_VERSION = 1;
				INFOPLIST_KEY_CFBundleDisplayName = targetpace;
				MARKETING_VERSION = 1.0;
				PRODUCT_BUNDLE_IDENTIFIER = example.com.targetpace;
				PRODUCT_NAME = "$(TARGET_NAME)";
				SDKROOT = iphoneos;
				SWIFT_VERSION = 5.0;
			};
			name = Debug;
		};
		84E53AB02BC6BFA000195A25 /* Release */ = {
			isa = XCBuildConfiguration;
			buildSettings = {
				ALWAYS_EMBED_SWIFT_STANDARD_LIBRARIES = YES;
				CODE_SIGN_STYLE = Automatic;
				CURRENT_PROJECT_VERSION = 1;
				INFOPLIST_KEY_CFBundleDisplayName = targetpace;
				MARKETING_VERSION = 1.0;
				PRODUCT_BUNDLE_IDENTIFIER = example.com.targetpace;
				PRODUCT_NAME = "$(TARGET_NAME)";
				SDKROOT = iphoneos;
				SWIFT_VERSION = 5.0;
				VALIDATE_PRODUCT = YES;
			};
			name = Release;
		};
/* End XCBuildConfiguration section */

/* Begin XCConfigurationList section */
		84E53A912BC6BF9D00195A25 /* Build configuration list for PBXProject "targetpace" */ = {
			isa = XCConfigurationList;
			buildConfigurations = (
				84E53AA82BC6BFA000195A25 /* Debug */,
				84E53AA92BC6BFA000195A25 /* Release */,
			);
			defaultConfigurationIsVisible = 0;
			defaultConfigurationName = Release;
		};
		84E53AAA2BC6BFA000195A25 /* Build configuration list for PBXNativeTarget "targetpace Watch App" */ = {
			isa = XCConfigurationList;
			buildConfigurations = (
				84E53AAB2BC6BFA000195A25 /* Debug */,
				84E53AAC2BC6BFA000195A25 /* Release */,
			);
			defaultConfigurationIsVisible = 0;
			defaultConfigurationName = Release;
		};
		84E53AAE2BC6BFA000195A25 /* Build configuration list for PBXNativeTarget "targetpace" */ = {
			isa = XCConfigurationList;
			buildConfigurations = (
				84E53AAF2BC6BFA000195A25 /* Debug */,
				84E53AB02BC6BFA000195A25 /* Release */,
			);
			defaultConfigurationIsVisible = 0;
			defaultConfigurationName = Release;
		};
/* End XCConfigurationList section */
	};
	rootObject = 84E53A8E2BC6BF9D00195A25 /* Project object */;
}
